
Microsoft Visual Studio Solution File, Format Version 12.00
# Visual Studio 15
VisualStudioVersion = 15.0.28010.2041
MinimumVisualStudioVersion = 10.0.40219.1
Project("{9A19103F-16F7-4668-BE54-9A1E7A4F7556}") = "ClientSignalR", "ClientSignalR\ClientSignalR.csproj", "{ABC4C6A6-EBBB-49D1-AF9B-A85610CE3796}"
EndProject
Project("{FAE04EC0-301F-11D3-BF4B-00C04F79EFBC}") = "SignalRServer", "SignalRServer\SignalRServer.csproj", "{B44EE820-E7C5-46E7-A0E9-1908E18C3D56}"
EndProject
Project("{FAE04EC0-301F-11D3-BF4B-00C04F79EFBC}") = "WinFormClient_v1", "WinFormClient_v1\WinFormClient_v1.csproj", "{CEF3F10A-0A27-4EF3-BDFC-F47C247A86D0}"
EndProject
Global
	GlobalSection(SolutionConfigurationPlatforms) = preSolution
		Debug|Any CPU = Debug|Any CPU
		Release|Any CPU = Release|Any CPU
	EndGlobalSection
	GlobalSection(ProjectConfigurationPlatforms) = postSolution
		{ABC4C6A6-EBBB-49D1-AF9B-A85610CE3796}.Debug|Any CPU.ActiveCfg = Debug|Any CPU
		{ABC4C6A6-EBBB-49D1-AF9B-A85610CE3796}.Debug|Any CPU.Build.0 = Debug|Any CPU
		{ABC4C6A6-EBBB-49D1-AF9B-A85610CE3796}.Release|Any CPU.ActiveCfg = Release|Any CPU
		{ABC4C6A6-EBBB-49D1-AF9B-A85610CE3796}.Release|Any CPU.Build.0 = Release|Any CPU
		{B44EE820-E7C5-46E7-A0E9-1908E18C3D56}.Debug|Any CPU.ActiveCfg = Debug|Any CPU
		{B44EE820-E7C5-46E7-A0E9-1908E18C3D56}.Debug|Any CPU.Build.0 = Debug|Any CPU
		{B44EE820-E7C5-46E7-A0E9-1908E18C3D56}.Release|Any CPU.ActiveCfg = Release|Any CPU
		{B44EE820-E7C5-46E7-A0E9-1908E18C3D56}.Release|Any CPU.Build.0 = Release|Any CPU
		{CEF3F10A-0A27-4EF3-BDFC-F47C247A86D0}.Debug|Any CPU.ActiveCfg = Debug|Any CPU
		{CEF3F10A-0A27-4EF3-BDFC-F47C247A86D0}.Debug|Any CPU.Build.0 = Debug|Any CPU
		{CEF3F10A-0A27-4EF3-BDFC-F47C247A86D0}.Release|Any CPU.ActiveCfg = Release|Any CPU
		{CEF3F10A-0A27-4EF3-BDFC-F47C247A86D0}.Release|Any CPU.Build.0 = Release|Any CPU
	EndGlobalSection
	GlobalSection(SolutionProperties) = preSolution
		HideSolutionNode = FALSE
	EndGlobalSection
	GlobalSection(ExtensibilityGlobals) = postSolution
		SolutionGuid = {2EA300AB-B246-4CAB-BB83-2CFBC4126753}
	EndGlobalSection
EndGlobal
